
Microsoft Visual Studio Solution File, Format Version 12.00
# Visual Studio 15
VisualStudioVersion = 15.0.28307.329
MinimumVisualStudioVersion = 10.0.40219.1
Project("{9A19103F-16F7-4668-BE54-9A1E7A4F7556}") = "eTeatar.Web", "eTeatar.Web\eTeatar.Web.csproj", "{DF2A1D7F-6D32-4254-B646-FDA98EC895AE}"
EndProject
Project("{9A19103F-16F7-4668-BE54-9A1E7A4F7556}") = "eTeatar.Data", "eTeatar.Data\eTeatar.Data.csproj", "{85BABF55-851F-4DD3-A5F2-FF843F00D262}"
EndProject
Project("{FAE04EC0-301F-11D3-BF4B-00C04F79EFBC}") = "eTeatar.xUnitTest", "eTeatar.xUnitTest\eTeatar.xUnitTest.csproj", "{5D00AD9C-FA50-4BE4-8021-39A4E25E0D90}"
EndProject
Global
	GlobalSection(SolutionConfigurationPlatforms) = preSolution
		Debug|Any CPU = Debug|Any CPU
		Release|Any CPU = Release|Any CPU
	EndGlobalSection
	GlobalSection(ProjectConfigurationPlatforms) = postSolution
		{DF2A1D7F-6D32-4254-B646-FDA98EC895AE}.Debug|Any CPU.ActiveCfg = Debug|Any CPU
		{DF2A1D7F-6D32-4254-B646-FDA98EC895AE}.Debug|Any CPU.Build.0 = Debug|Any CPU
		{DF2A1D7F-6D32-4254-B646-FDA98EC895AE}.Release|Any CPU.ActiveCfg = Release|Any CPU
		{DF2A1D7F-6D32-4254-B646-FDA98EC895AE}.Release|Any CPU.Build.0 = Release|Any CPU
		{85BABF55-851F-4DD3-A5F2-FF843F00D262}.Debug|Any CPU.ActiveCfg = Debug|Any CPU
		{85BABF55-851F-4DD3-A5F2-FF843F00D262}.Debug|Any CPU.Build.0 = Debug|Any CPU
		{85BABF55-851F-4DD3-A5F2-FF843F00D262}.Release|Any CPU.ActiveCfg = Release|Any CPU
		{85BABF55-851F-4DD3-A5F2-FF843F00D262}.Release|Any CPU.Build.0 = Release|Any CPU
		{5D00AD9C-FA50-4BE4-8021-39A4E25E0D90}.Debug|Any CPU.ActiveCfg = Debug|Any CPU
		{5D00AD9C-FA50-4BE4-8021-39A4E25E0D90}.Debug|Any CPU.Build.0 = Debug|Any CPU
		{5D00AD9C-FA50-4BE4-8021-39A4E25E0D90}.Release|Any CPU.ActiveCfg = Release|Any CPU
		{5D00AD9C-FA50-4BE4-8021-39A4E25E0D90}.Release|Any CPU.Build.0 = Release|Any CPU
	EndGlobalSection
	GlobalSection(SolutionProperties) = preSolution
		HideSolutionNode = FALSE
	EndGlobalSection
	GlobalSection(ExtensibilityGlobals) = postSolution
		SolutionGuid = {BCBCB6BE-3728-477C-8746-3E018BA56BE9}
	EndGlobalSection
EndGlobal
